// !$*UTF8*$!
{
	archiveVersion = 1;
	classes = {
	};
	objectVersion = 55;
	objects = {

/* Begin PBXBuildFile section */
		138B497729068E41008295A1 /* AppDelegate.swift in Sources */ = {isa = PBXBuildFile; fileRef = 138B497629068E41008295A1 /* AppDelegate.swift */; };
		138B497929068E41008295A1 /* SceneDelegate.swift in Sources */ = {isa = PBXBuildFile; fileRef = 138B497829068E41008295A1 /* SceneDelegate.swift */; };
		138B497B29068E41008295A1 /* ItemsViewController.swift in Sources */ = {isa = PBXBuildFile; fileRef = 138B497A29068E41008295A1 /* ItemsViewController.swift */; };
		138B498029068E43008295A1 /* Assets.xcassets in Resources */ = {isa = PBXBuildFile; fileRef = 138B497F29068E43008295A1 /* Assets.xcassets */; };
		138B498329068E43008295A1 /* LaunchScreen.storyboard in Resources */ = {isa = PBXBuildFile; fileRef = 138B498129068E43008295A1 /* LaunchScreen.storyboard */; };
		138B499829068E43008295A1 /* Toast_CatalogUITests.swift in Sources */ = {isa = PBXBuildFile; fileRef = 138B499729068E43008295A1 /* Toast_CatalogUITests.swift */; };
		138B499A29068E43008295A1 /* Toast_CatalogUITestsLaunchTests.swift in Sources */ = {isa = PBXBuildFile; fileRef = 138B499929068E43008295A1 /* Toast_CatalogUITestsLaunchTests.swift */; };
		138B49AA2906959E008295A1 /* ItemTableViewCell.swift in Sources */ = {isa = PBXBuildFile; fileRef = 138B49A82906959E008295A1 /* ItemTableViewCell.swift */; };
		138B49AD29069997008295A1 /* Item.swift in Sources */ = {isa = PBXBuildFile; fileRef = 138B49AC29069997008295A1 /* Item.swift */; };
		138B49B12906B6CC008295A1 /* ImageRepository.m in Sources */ = {isa = PBXBuildFile; fileRef = 138B49B02906B6CC008295A1 /* ImageRepository.m */; };
		138B49B32906BB6B008295A1 /* NetworkClient.swift in Sources */ = {isa = PBXBuildFile; fileRef = 138B49B22906BB6B008295A1 /* NetworkClient.swift */; };
		138B49B52906BC25008295A1 /* NetworkClientTests.swift in Sources */ = {isa = PBXBuildFile; fileRef = 138B49B42906BC25008295A1 /* NetworkClientTests.swift */; };
/* End PBXBuildFile section */

/* Begin PBXContainerItemProxy section */
		138B498A29068E43008295A1 /* PBXContainerItemProxy */ = {
			isa = PBXContainerItemProxy;
			containerPortal = 138B496B29068E41008295A1 /* Project object */;
			proxyType = 1;
			remoteGlobalIDString = 138B497229068E41008295A1;
			remoteInfo = "Toast Catalog";
		};
		138B499429068E43008295A1 /* PBXContainerItemProxy */ = {
			isa = PBXContainerItemProxy;
			containerPortal = 138B496B29068E41008295A1 /* Project object */;
			proxyType = 1;
			remoteGlobalIDString = 138B497229068E41008295A1;
			remoteInfo = "Toast Catalog";
		};
/* End PBXContainerItemProxy section */

/* Begin PBXFileReference section */
		1370D4A129190152004055B7 /* Bridging-Header.h */ = {isa = PBXFileReference; lastKnownFileType = sourcecode.c.h; path = "Bridging-Header.h"; sourceTree = "<group>"; };
		138B497329068E41008295A1 /* Toast Catalog.app */ = {isa = PBXFileReference; explicitFileType = wrapper.application; includeInIndex = 0; path = "Toast Catalog.app"; sourceTree = BUILT_PRODUCTS_DIR; };
		138B497629068E41008295A1 /* AppDelegate.swift */ = {isa = PBXFileReference; lastKnownFileType = sourcecode.swift; path = AppDelegate.swift; sourceTree = "<group>"; };
		138B497829068E41008295A1 /* SceneDelegate.swift */ = {isa = PBXFileReference; lastKnownFileType = sourcecode.swift; path = SceneDelegate.swift; sourceTree = "<group>"; };
		138B497A29068E41008295A1 /* ItemsViewController.swift */ = {isa = PBXFileReference; lastKnownFileType = sourcecode.swift; path = ItemsViewController.swift; sourceTree = "<group>"; };
		138B497F29068E43008295A1 /* Assets.xcassets */ = {isa = PBXFileReference; lastKnownFileType = folder.assetcatalog; path = Assets.xcassets; sourceTree = "<group>"; };
		138B498229068E43008295A1 /* Base */ = {isa = PBXFileReference; lastKnownFileType = file.storyboard; name = Base; path = Base.lproj/LaunchScreen.storyboard; sourceTree = "<group>"; };
		138B498429068E43008295A1 /* Info.plist */ = {isa = PBXFileReference; lastKnownFileType = text.plist.xml; path = Info.plist; sourceTree = "<group>"; };
		138B498929068E43008295A1 /* Toast CatalogTests.xctest */ = {isa = PBXFileReference; explicitFileType = wrapper.cfbundle; includeInIndex = 0; path = "Toast CatalogTests.xctest"; sourceTree = BUILT_PRODUCTS_DIR; };
		138B499329068E43008295A1 /* Toast CatalogUITests.xctest */ = {isa = PBXFileReference; explicitFileType = wrapper.cfbundle; includeInIndex = 0; path = "Toast CatalogUITests.xctest"; sourceTree = BUILT_PRODUCTS_DIR; };
		138B499729068E43008295A1 /* Toast_CatalogUITests.swift */ = {isa = PBXFileReference; lastKnownFileType = sourcecode.swift; path = Toast_CatalogUITests.swift; sourceTree = "<group>"; };
		138B499929068E43008295A1 /* Toast_CatalogUITestsLaunchTests.swift */ = {isa = PBXFileReference; lastKnownFileType = sourcecode.swift; path = Toast_CatalogUITestsLaunchTests.swift; sourceTree = "<group>"; };
		138B49A82906959E008295A1 /* ItemTableViewCell.swift */ = {isa = PBXFileReference; lastKnownFileType = sourcecode.swift; path = ItemTableViewCell.swift; sourceTree = "<group>"; };
		138B49AC29069997008295A1 /* Item.swift */ = {isa = PBXFileReference; lastKnownFileType = sourcecode.swift; path = Item.swift; sourceTree = "<group>"; };
		138B49AF2906B6CC008295A1 /* ImageRepository.h */ = {isa = PBXFileReference; lastKnownFileType = sourcecode.c.h; path = ImageRepository.h; sourceTree = "<group>"; };
		138B49B02906B6CC008295A1 /* ImageRepository.m */ = {isa = PBXFileReference; lastKnownFileType = sourcecode.c.objc; path = ImageRepository.m; sourceTree = "<group>"; };
		138B49B22906BB6B008295A1 /* NetworkClient.swift */ = {isa = PBXFileReference; lastKnownFileType = sourcecode.swift; path = NetworkClient.swift; sourceTree = "<group>"; };
		138B49B42906BC25008295A1 /* NetworkClientTests.swift */ = {isa = PBXFileReference; lastKnownFileType = sourcecode.swift; path = NetworkClientTests.swift; sourceTree = "<group>"; };
/* End PBXFileReference section */

/* Begin PBXFrameworksBuildPhase section */
		138B497029068E41008295A1 /* Frameworks */ = {
			isa = PBXFrameworksBuildPhase;
			buildActionMask = 2147483647;
			files = (
			);
			runOnlyForDeploymentPostprocessing = 0;
		};
		138B498629068E43008295A1 /* Frameworks */ = {
			isa = PBXFrameworksBuildPhase;
			buildActionMask = 2147483647;
			files = (
			);
			runOnlyForDeploymentPostprocessing = 0;
		};
		138B499029068E43008295A1 /* Frameworks */ = {
			isa = PBXFrameworksBuildPhase;
			buildActionMask = 2147483647;
			files = (
			);
			runOnlyForDeploymentPostprocessing = 0;
		};
/* End PBXFrameworksBuildPhase section */

/* Begin PBXGroup section */
		138B496A29068E41008295A1 = {
			isa = PBXGroup;
			children = (
				138B497529068E41008295A1 /* Toast Catalog */,
				138B498C29068E43008295A1 /* Toast CatalogTests */,
				138B499629068E43008295A1 /* Toast CatalogUITests */,
				138B497429068E41008295A1 /* Products */,
			);
			sourceTree = "<group>";
		};
		138B497429068E41008295A1 /* Products */ = {
			isa = PBXGroup;
			children = (
				138B497329068E41008295A1 /* Toast Catalog.app */,
				138B498929068E43008295A1 /* Toast CatalogTests.xctest */,
				138B499329068E43008295A1 /* Toast CatalogUITests.xctest */,
			);
			name = Products;
			sourceTree = "<group>";
		};
		138B497529068E41008295A1 /* Toast Catalog */ = {
			isa = PBXGroup;
			children = (
				138B497629068E41008295A1 /* AppDelegate.swift */,
				138B497829068E41008295A1 /* SceneDelegate.swift */,
				138B49AC29069997008295A1 /* Item.swift */,
				138B49B22906BB6B008295A1 /* NetworkClient.swift */,
				138B497A29068E41008295A1 /* ItemsViewController.swift */,
				138B49A82906959E008295A1 /* ItemTableViewCell.swift */,
				138B49AF2906B6CC008295A1 /* ImageRepository.h */,
				138B49B02906B6CC008295A1 /* ImageRepository.m */,
				1370D4A129190152004055B7 /* Bridging-Header.h */,
				138B497F29068E43008295A1 /* Assets.xcassets */,
				138B498129068E43008295A1 /* LaunchScreen.storyboard */,
				138B498429068E43008295A1 /* Info.plist */,
			);
			path = "Toast Catalog";
			sourceTree = "<group>";
		};
		138B498C29068E43008295A1 /* Toast CatalogTests */ = {
			isa = PBXGroup;
			children = (
				138B49B42906BC25008295A1 /* NetworkClientTests.swift */,
			);
			path = "Toast CatalogTests";
			sourceTree = "<group>";
		};
		138B499629068E43008295A1 /* Toast CatalogUITests */ = {
			isa = PBXGroup;
			children = (
				138B499729068E43008295A1 /* Toast_CatalogUITests.swift */,
				138B499929068E43008295A1 /* Toast_CatalogUITestsLaunchTests.swift */,
			);
			path = "Toast CatalogUITests";
			sourceTree = "<group>";
		};
/* End PBXGroup section */

/* Begin PBXNativeTarget section */
		138B497229068E41008295A1 /* Toast Catalog */ = {
			isa = PBXNativeTarget;
			buildConfigurationList = 138B499D29068E43008295A1 /* Build configuration list for PBXNativeTarget "Toast Catalog" */;
			buildPhases = (
				138B496F29068E41008295A1 /* Sources */,
				138B497029068E41008295A1 /* Frameworks */,
				138B497129068E41008295A1 /* Resources */,
			);
			buildRules = (
			);
			dependencies = (
			);
			name = "Toast Catalog";
			productName = "Toast Catalog";
			productReference = 138B497329068E41008295A1 /* Toast Catalog.app */;
			productType = "com.apple.product-type.application";
		};
		138B498829068E43008295A1 /* Toast CatalogTests */ = {
			isa = PBXNativeTarget;
			buildConfigurationList = 138B49A029068E43008295A1 /* Build configuration list for PBXNativeTarget "Toast CatalogTests" */;
			buildPhases = (
				138B498529068E43008295A1 /* Sources */,
				138B498629068E43008295A1 /* Frameworks */,
				138B498729068E43008295A1 /* Resources */,
			);
			buildRules = (
			);
			dependencies = (
				138B498B29068E43008295A1 /* PBXTargetDependency */,
			);
			name = "Toast CatalogTests";
			productName = "Toast CatalogTests";
			productReference = 138B498929068E43008295A1 /* Toast CatalogTests.xctest */;
			productType = "com.apple.product-type.bundle.unit-test";
		};
		138B499229068E43008295A1 /* Toast CatalogUITests */ = {
			isa = PBXNativeTarget;
			buildConfigurationList = 138B49A329068E43008295A1 /* Build configuration list for PBXNativeTarget "Toast CatalogUITests" */;
			buildPhases = (
				138B498F29068E43008295A1 /* Sources */,
				138B499029068E43008295A1 /* Frameworks */,
				138B499129068E43008295A1 /* Resources */,
			);
			buildRules = (
			);
			dependencies = (
				138B499529068E43008295A1 /* PBXTargetDependency */,
			);
			name = "Toast CatalogUITests";
			productName = "Toast CatalogUITests";
			productReference = 138B499329068E43008295A1 /* Toast CatalogUITests.xctest */;
			productType = "com.apple.product-type.bundle.ui-testing";
		};
/* End PBXNativeTarget section */

/* Begin PBXProject section */
		138B496B29068E41008295A1 /* Project object */ = {
			isa = PBXProject;
			attributes = {
				BuildIndependentTargetsInParallel = 1;
				LastSwiftUpdateCheck = 1340;
				LastUpgradeCheck = 1340;
				TargetAttributes = {
					138B497229068E41008295A1 = {
						CreatedOnToolsVersion = 13.4.1;
						LastSwiftMigration = 1340;
					};
					138B498829068E43008295A1 = {
						CreatedOnToolsVersion = 13.4.1;
						LastSwiftMigration = 1340;
						TestTargetID = 138B497229068E41008295A1;
					};
					138B499229068E43008295A1 = {
						CreatedOnToolsVersion = 13.4.1;
						TestTargetID = 138B497229068E41008295A1;
					};
				};
			};
			buildConfigurationList = 138B496E29068E41008295A1 /* Build configuration list for PBXProject "Toast Catalog" */;
			compatibilityVersion = "Xcode 13.0";
			developmentRegion = en;
			hasScannedForEncodings = 0;
			knownRegions = (
				en,
				Base,
			);
			mainGroup = 138B496A29068E41008295A1;
			productRefGroup = 138B497429068E41008295A1 /* Products */;
			projectDirPath = "";
			projectRoot = "";
			targets = (
				138B497229068E41008295A1 /* Toast Catalog */,
				138B498829068E43008295A1 /* Toast CatalogTests */,
				138B499229068E43008295A1 /* Toast CatalogUITests */,
			);
		};
/* End PBXProject section */

/* Begin PBXResourcesBuildPhase section */
		138B497129068E41008295A1 /* Resources */ = {
			isa = PBXResourcesBuildPhase;
			buildActionMask = 2147483647;
			files = (
				138B498329068E43008295A1 /* LaunchScreen.storyboard in Resources */,
				138B498029068E43008295A1 /* Assets.xcassets in Resources */,
			);
			runOnlyForDeploymentPostprocessing = 0;
		};
		138B498729068E43008295A1 /* Resources */ = {
			isa = PBXResourcesBuildPhase;
			buildActionMask = 2147483647;
			files = (
			);
			runOnlyForDeploymentPostprocessing = 0;
		};
		138B499129068E43008295A1 /* Resources */ = {
			isa = PBXResourcesBuildPhase;
			buildActionMask = 2147483647;
			files = (
			);
			runOnlyForDeploymentPostprocessing = 0;
		};
/* End PBXResourcesBuildPhase section */

/* Begin PBXSourcesBuildPhase section */
		138B496F29068E41008295A1 /* Sources */ = {
			isa = PBXSourcesBuildPhase;
			buildActionMask = 2147483647;
			files = (
				138B49AD29069997008295A1 /* Item.swift in Sources */,
				138B49AA2906959E008295A1 /* ItemTableViewCell.swift in Sources */,
				138B497B29068E41008295A1 /* ItemsViewController.swift in Sources */,
				138B49B12906B6CC008295A1 /* ImageRepository.m in Sources */,
				138B49B32906BB6B008295A1 /* NetworkClient.swift in Sources */,
				138B497729068E41008295A1 /* AppDelegate.swift in Sources */,
				138B497929068E41008295A1 /* SceneDelegate.swift in Sources */,
			);
			runOnlyForDeploymentPostprocessing = 0;
		};
		138B498529068E43008295A1 /* Sources */ = {
			isa = PBXSourcesBuildPhase;
			buildActionMask = 2147483647;
			files = (
				138B49B52906BC25008295A1 /* NetworkClientTests.swift in Sources */,
			);
			runOnlyForDeploymentPostprocessing = 0;
		};
		138B498F29068E43008295A1 /* Sources */ = {
			isa = PBXSourcesBuildPhase;
			buildActionMask = 2147483647;
			files = (
				138B499A29068E43008295A1 /* Toast_CatalogUITestsLaunchTests.swift in Sources */,
				138B499829068E43008295A1 /* Toast_CatalogUITests.swift in Sources */,
			);
			runOnlyForDeploymentPostprocessing = 0;
		};
/* End PBXSourcesBuildPhase section */

/* Begin PBXTargetDependency section */
		138B498B29068E43008295A1 /* PBXTargetDependency */ = {
			isa = PBXTargetDependency;
			target = 138B497229068E41008295A1 /* Toast Catalog */;
			targetProxy = 138B498A29068E43008295A1 /* PBXContainerItemProxy */;
		};
		138B499529068E43008295A1 /* PBXTargetDependency */ = {
			isa = PBXTargetDependency;
			target = 138B497229068E41008295A1 /* Toast Catalog */;
			targetProxy = 138B499429068E43008295A1 /* PBXContainerItemProxy */;
		};
/* End PBXTargetDependency section */

/* Begin PBXVariantGroup section */
		138B498129068E43008295A1 /* LaunchScreen.storyboard */ = {
			isa = PBXVariantGroup;
			children = (
				138B498229068E43008295A1 /* Base */,
			);
			name = LaunchScreen.storyboard;
			sourceTree = "<group>";
		};
/* End PBXVariantGroup section */

/* Begin XCBuildConfiguration section */
		138B499B29068E43008295A1 /* Debug */ = {
			isa = XCBuildConfiguration;
			buildSettings = {
				ALWAYS_SEARCH_USER_PATHS = NO;
				CLANG_ANALYZER_NONNULL = YES;
				CLANG_ANALYZER_NUMBER_OBJECT_CONVERSION = YES_AGGRESSIVE;
				CLANG_CXX_LANGUAGE_STANDARD = "gnu++17";
				CLANG_ENABLE_MODULES = YES;
				CLANG_ENABLE_OBJC_ARC = YES;
				CLANG_ENABLE_OBJC_WEAK = YES;
				CLANG_WARN_BLOCK_CAPTURE_AUTORELEASING = YES;
				CLANG_WARN_BOOL_CONVERSION = YES;
				CLANG_WARN_COMMA = YES;
				CLANG_WARN_CONSTANT_CONVERSION = YES;
				CLANG_WARN_DEPRECATED_OBJC_IMPLEMENTATIONS = YES;
				CLANG_WARN_DIRECT_OBJC_ISA_USAGE = YES_ERROR;
				CLANG_WARN_DOCUMENTATION_COMMENTS = YES;
				CLANG_WARN_EMPTY_BODY = YES;
				CLANG_WARN_ENUM_CONVERSION = YES;
				CLANG_WARN_INFINITE_RECURSION = YES;
				CLANG_WARN_INT_CONVERSION = YES;
				CLANG_WARN_NON_LITERAL_NULL_CONVERSION = YES;
				CLANG_WARN_OBJC_IMPLICIT_RETAIN_SELF = YES;
				CLANG_WARN_OBJC_LITERAL_CONVERSION = YES;
				CLANG_WARN_OBJC_ROOT_CLASS = YES_ERROR;
				CLANG_WARN_QUOTED_INCLUDE_IN_FRAMEWORK_HEADER = YES;
				CLANG_WARN_RANGE_LOOP_ANALYSIS = YES;
				CLANG_WARN_STRICT_PROTOTYPES = YES;
				CLANG_WARN_SUSPICIOUS_MOVE = YES;
				CLANG_WARN_UNGUARDED_AVAILABILITY = YES_AGGRESSIVE;
				CLANG_WARN_UNREACHABLE_CODE = YES;
				CLANG_WARN__DUPLICATE_METHOD_MATCH = YES;
				COPY_PHASE_STRIP = NO;
				DEBUG_INFORMATION_FORMAT = dwarf;
				ENABLE_STRICT_OBJC_MSGSEND = YES;
				ENABLE_TESTABILITY = YES;
				GCC_C_LANGUAGE_STANDARD = gnu11;
				GCC_DYNAMIC_NO_PIC = NO;
				GCC_NO_COMMON_BLOCKS = YES;
				GCC_OPTIMIZATION_LEVEL = 0;
				GCC_PREPROCESSOR_DEFINITIONS = (
					"DEBUG=1",
					"$(inherited)",
				);
				GCC_WARN_64_TO_32_BIT_CONVERSION = YES;
				GCC_WARN_ABOUT_RETURN_TYPE = YES_ERROR;
				GCC_WARN_UNDECLARED_SELECTOR = YES;
				GCC_WARN_UNINITIALIZED_AUTOS = YES_AGGRESSIVE;
				GCC_WARN_UNUSED_FUNCTION = YES;
				GCC_WARN_UNUSED_VARIABLE = YES;
				IPHONEOS_DEPLOYMENT_TARGET = 15.5;
				MTL_ENABLE_DEBUG_INFO = INCLUDE_SOURCE;
				MTL_FAST_MATH = YES;
				ONLY_ACTIVE_ARCH = YES;
				SDKROOT = iphoneos;
				SWIFT_ACTIVE_COMPILATION_CONDITIONS = DEBUG;
				SWIFT_OPTIMIZATION_LEVEL = "-Onone";
			};
			name = Debug;
		};
		138B499C29068E43008295A1 /* Release */ = {
			isa = XCBuildConfiguration;
			buildSettings = {
				ALWAYS_SEARCH_USER_PATHS = NO;
				CLANG_ANALYZER_NONNULL = YES;
				CLANG_ANALYZER_NUMBER_OBJECT_CONVERSION = YES_AGGRESSIVE;
				CLANG_CXX_LANGUAGE_STANDARD = "gnu++17";
				CLANG_ENABLE_MODULES = YES;
				CLANG_ENABLE_OBJC_ARC = YES;
				CLANG_ENABLE_OBJC_WEAK = YES;
				CLANG_WARN_BLOCK_CAPTURE_AUTORELEASING = YES;
				CLANG_WARN_BOOL_CONVERSION = YES;
				CLANG_WARN_COMMA = YES;
				CLANG_WARN_CONSTANT_CONVERSION = YES;
				CLANG_WARN_DEPRECATED_OBJC_IMPLEMENTATIONS = YES;
				CLANG_WARN_DIRECT_OBJC_ISA_USAGE = YES_ERROR;
				CLANG_WARN_DOCUMENTATION_COMMENTS = YES;
				CLANG_WARN_EMPTY_BODY = YES;
				CLANG_WARN_ENUM_CONVERSION = YES;
				CLANG_WARN_INFINITE_RECURSION = YES;
				CLANG_WARN_INT_CONVERSION = YES;
				CLANG_WARN_NON_LITERAL_NULL_CONVERSION = YES;
				CLANG_WARN_OBJC_IMPLICIT_RETAIN_SELF = YES;
				CLANG_WARN_OBJC_LITERAL_CONVERSION = YES;
				CLANG_WARN_OBJC_ROOT_CLASS = YES_ERROR;
				CLANG_WARN_QUOTED_INCLUDE_IN_FRAMEWORK_HEADER = YES;
				CLANG_WARN_RANGE_LOOP_ANALYSIS = YES;
				CLANG_WARN_STRICT_PROTOTYPES = YES;
				CLANG_WARN_SUSPICIOUS_MOVE = YES;
				CLANG_WARN_UNGUARDED_AVAILABILITY = YES_AGGRESSIVE;
				CLANG_WARN_UNREACHABLE_CODE = YES;
				CLANG_WARN__DUPLICATE_METHOD_MATCH = YES;
				COPY_PHASE_STRIP = NO;
				DEBUG_INFORMATION_FORMAT = "dwarf-with-dsym";
				ENABLE_NS_ASSERTIONS = NO;
				ENABLE_STRICT_OBJC_MSGSEND = YES;
				GCC_C_LANGUAGE_STANDARD = gnu11;
				GCC_NO_COMMON_BLOCKS = YES;
				GCC_WARN_64_TO_32_BIT_CONVERSION = YES;
				GCC_WARN_ABOUT_RETURN_TYPE = YES_ERROR;
				GCC_WARN_UNDECLARED_SELECTOR = YES;
				GCC_WARN_UNINITIALIZED_AUTOS = YES_AGGRESSIVE;
				GCC_WARN_UNUSED_FUNCTION = YES;
				GCC_WARN_UNUSED_VARIABLE = YES;
				IPHONEOS_DEPLOYMENT_TARGET = 15.5;
				MTL_ENABLE_DEBUG_INFO = NO;
				MTL_FAST_MATH = YES;
				SDKROOT = iphoneos;
				SWIFT_COMPILATION_MODE = wholemodule;
				SWIFT_OPTIMIZATION_LEVEL = "-O";
				VALIDATE_PRODUCT = YES;
			};
			name = Release;
		};
		138B499E29068E43008295A1 /* Debug */ = {
			isa = XCBuildConfiguration;
			buildSettings = {
				ASSETCATALOG_COMPILER_APPICON_NAME = AppIcon;
				ASSETCATALOG_COMPILER_GLOBAL_ACCENT_COLOR_NAME = AccentColor;
				CLANG_ENABLE_MODULES = YES;
				CODE_SIGN_STYLE = Automatic;
				CURRENT_PROJECT_VERSION = 1;
				DEVELOPMENT_TEAM = 3Y4TPL53D2;
				GENERATE_INFOPLIST_FILE = YES;
				INFOPLIST_FILE = "Toast Catalog/Info.plist";
				INFOPLIST_KEY_UIApplicationSupportsIndirectInputEvents = YES;
				INFOPLIST_KEY_UILaunchStoryboardName = LaunchScreen;
				INFOPLIST_KEY_UISupportedInterfaceOrientations_iPad = "UIInterfaceOrientationPortrait UIInterfaceOrientationPortraitUpsideDown UIInterfaceOrientationLandscapeLeft UIInterfaceOrientationLandscapeRight";
				INFOPLIST_KEY_UISupportedInterfaceOrientations_iPhone = "UIInterfaceOrientationPortrait UIInterfaceOrientationLandscapeLeft UIInterfaceOrientationLandscapeRight";
				LD_RUNPATH_SEARCH_PATHS = (
					"$(inherited)",
					"@executable_path/Frameworks",
				);
				MARKETING_VERSION = 1.0;
				PRODUCT_BUNDLE_IDENTIFIER = "com.sumup.Toast-Catalog";
				PRODUCT_NAME = "$(TARGET_NAME)";
				SWIFT_EMIT_LOC_STRINGS = YES;
				SWIFT_OBJC_BRIDGING_HEADER = "$(SOURCE_ROOT)/Toast Catalog/Bridging-Header.h";
				SWIFT_OPTIMIZATION_LEVEL = "-Onone";
				SWIFT_VERSION = 5.0;
				TARGETED_DEVICE_FAMILY = "1,2";
			};
			name = Debug;
		};
		138B499F29068E43008295A1 /* Release */ = {
			isa = XCBuildConfiguration;
			buildSettings = {
				ASSETCATALOG_COMPILER_APPICON_NAME = AppIcon;
				ASSETCATALOG_COMPILER_GLOBAL_ACCENT_COLOR_NAME = AccentColor;
				CLANG_ENABLE_MODULES = YES;
				CODE_SIGN_STYLE = Automatic;
				CURRENT_PROJECT_VERSION = 1;
				DEVELOPMENT_TEAM = 3Y4TPL53D2;
				GENERATE_INFOPLIST_FILE = YES;
				INFOPLIST_FILE = "Toast Catalog/Info.plist";
				INFOPLIST_KEY_UIApplicationSupportsIndirectInputEvents = YES;
				INFOPLIST_KEY_UILaunchStoryboardName = LaunchScreen;
				INFOPLIST_KEY_UISupportedInterfaceOrientations_iPad = "UIInterfaceOrientationPortrait UIInterfaceOrientationPortraitUpsideDown UIInterfaceOrientationLandscapeLeft UIInterfaceOrientationLandscapeRight";
				INFOPLIST_KEY_UISupportedInterfaceOrientations_iPhone = "UIInterfaceOrientationPortrait UIInterfaceOrientationLandscapeLeft UIInterfaceOrientationLandscapeRight";
				LD_RUNPATH_SEARCH_PATHS = (
					"$(inherited)",
					"@executable_path/Frameworks",
				);
				MARKETING_VERSION = 1.0;
				PRODUCT_BUNDLE_IDENTIFIER = "com.sumup.Toast-Catalog";
				PRODUCT_NAME = "$(TARGET_NAME)";
				SWIFT_EMIT_LOC_STRINGS = YES;
				SWIFT_OBJC_BRIDGING_HEADER = "$(SOURCE_ROOT)/Toast Catalog/Bridging-Header.h";
				SWIFT_VERSION = 5.0;
				TARGETED_DEVICE_FAMILY = "1,2";
			};
			name = Release;
		};
		138B49A129068E43008295A1 /* Debug */ = {
			isa = XCBuildConfiguration;
			buildSettings = {
				ALWAYS_EMBED_SWIFT_STANDARD_LIBRARIES = YES;
				BUNDLE_LOADER = "$(TEST_HOST)";
				CLANG_ENABLE_MODULES = YES;
				CODE_SIGN_STYLE = Automatic;
				CURRENT_PROJECT_VERSION = 1;
				DEVELOPMENT_TEAM = 3Y4TPL53D2;
				GENERATE_INFOPLIST_FILE = YES;
				IPHONEOS_DEPLOYMENT_TARGET = 15.5;
				LD_RUNPATH_SEARCH_PATHS = (
					"$(inherited)",
					"@executable_path/Frameworks",
					"@loader_path/Frameworks",
				);
				MARKETING_VERSION = 1.0;
				PRODUCT_BUNDLE_IDENTIFIER = "com.sumup.Toast-CatalogTests";
				PRODUCT_NAME = "$(TARGET_NAME)";
				SWIFT_EMIT_LOC_STRINGS = NO;
				SWIFT_OPTIMIZATION_LEVEL = "-Onone";
				SWIFT_VERSION = 5.0;
				TARGETED_DEVICE_FAMILY = "1,2";
				TEST_HOST = "$(BUILT_PRODUCTS_DIR)/Toast Catalog.app/Toast Catalog";
			};
			name = Debug;
		};
		138B49A229068E43008295A1 /* Release */ = {
			isa = XCBuildConfiguration;
			buildSettings = {
				ALWAYS_EMBED_SWIFT_STANDARD_LIBRARIES = YES;
				BUNDLE_LOADER = "$(TEST_HOST)";
				CLANG_ENABLE_MODULES = YES;
				CODE_SIGN_STYLE = Automatic;
				CURRENT_PROJECT_VERSION = 1;
				DEVELOPMENT_TEAM = 3Y4TPL53D2;
				GENERATE_INFOPLIST_FILE = YES;
				IPHONEOS_DEPLOYMENT_TARGET = 15.5;
				LD_RUNPATH_SEARCH_PATHS = (
					"$(inherited)",
					"@executable_path/Frameworks",
					"@loader_path/Frameworks",
				);
				MARKETING_VERSION = 1.0;
				PRODUCT_BUNDLE_IDENTIFIER = "com.sumup.Toast-CatalogTests";
				PRODUCT_NAME = "$(TARGET_NAME)";
				SWIFT_EMIT_LOC_STRINGS = NO;
				SWIFT_VERSION = 5.0;
				TARGETED_DEVICE_FAMILY = "1,2";
				TEST_HOST = "$(BUILT_PRODUCTS_DIR)/Toast Catalog.app/Toast Catalog";
			};
			name = Release;
		};
		138B49A429068E43008295A1 /* Debug */ = {
			isa = XCBuildConfiguration;
			buildSettings = {
				ALWAYS_EMBED_SWIFT_STANDARD_LIBRARIES = YES;
				CODE_SIGN_STYLE = Automatic;
				CURRENT_PROJECT_VERSION = 1;
				DEVELOPMENT_TEAM = 3Y4TPL53D2;
				GENERATE_INFOPLIST_FILE = YES;
				MARKETING_VERSION = 1.0;
				PRODUCT_BUNDLE_IDENTIFIER = "com.sumup.Toast-CatalogUITests";
				PRODUCT_NAME = "$(TARGET_NAME)";
				SWIFT_EMIT_LOC_STRINGS = NO;
				SWIFT_VERSION = 5.0;
				TARGETED_DEVICE_FAMILY = "1,2";
				TEST_TARGET_NAME = "Toast Catalog";
			};
			name = Debug;
		};
		138B49A529068E43008295A1 /* Release */ = {
			isa = XCBuildConfiguration;
			buildSettings = {
				ALWAYS_EMBED_SWIFT_STANDARD_LIBRARIES = YES;
				CODE_SIGN_STYLE = Automatic;
				CURRENT_PROJECT_VERSION = 1;
				DEVELOPMENT_TEAM = 3Y4TPL53D2;
				GENERATE_INFOPLIST_FILE = YES;
				MARKETING_VERSION = 1.0;
				PRODUCT_BUNDLE_IDENTIFIER = "com.sumup.Toast-CatalogUITests";
				PRODUCT_NAME = "$(TARGET_NAME)";
				SWIFT_EMIT_LOC_STRINGS = NO;
				SWIFT_VERSION = 5.0;
				TARGETED_DEVICE_FAMILY = "1,2";
				TEST_TARGET_NAME = "Toast Catalog";
			};
			name = Release;
		};
/* End XCBuildConfiguration section */

/* Begin XCConfigurationList section */
		138B496E29068E41008295A1 /* Build configuration list for PBXProject "Toast Catalog" */ = {
			isa = XCConfigurationList;
			buildConfigurations = (
				138B499B29068E43008295A1 /* Debug */,
				138B499C29068E43008295A1 /* Release */,
			);
			defaultConfigurationIsVisible = 0;
			defaultConfigurationName = Release;
		};
		138B499D29068E43008295A1 /* Build configuration list for PBXNativeTarget "Toast Catalog" */ = {
			isa = XCConfigurationList;
			buildConfigurations = (
				138B499E29068E43008295A1 /* Debug */,
				138B499F29068E43008295A1 /* Release */,
			);
			defaultConfigurationIsVisible = 0;
			defaultConfigurationName = Release;
		};
		138B49A029068E43008295A1 /* Build configuration list for PBXNativeTarget "Toast CatalogTests" */ = {
			isa = XCConfigurationList;
			buildConfigurations = (
				138B49A129068E43008295A1 /* Debug */,
				138B49A229068E43008295A1 /* Release */,
			);
			defaultConfigurationIsVisible = 0;
			defaultConfigurationName = Release;
		};
		138B49A329068E43008295A1 /* Build configuration list for PBXNativeTarget "Toast CatalogUITests" */ = {
			isa = XCConfigurationList;
			buildConfigurations = (
				138B49A429068E43008295A1 /* Debug */,
				138B49A529068E43008295A1 /* Release */,
			);
			defaultConfigurationIsVisible = 0;
			defaultConfigurationName = Release;
		};
/* End XCConfigurationList section */
	};
	rootObject = 138B496B29068E41008295A1 /* Project object */;
}
